
Microsoft Visual Studio Solution File, Format Version 12.00
# Visual Studio Version 16
VisualStudioVersion = 16.0.33027.164
MinimumVisualStudioVersion = 10.0.40219.1
Project("{FAE04EC0-301F-11D3-BF4B-00C04F79EFBC}") = "Estudiantes", "Estudiantes.csproj", "{FCE4FA97-435F-44CF-978C-194FF22C51F3}"
EndProject
Global
	GlobalSection(SolutionConfigurationPlatforms) = preSolution
		Debug|Any CPU = Debug|Any CPU
		Release|Any CPU = Release|Any CPU
	EndGlobalSection
	GlobalSection(ProjectConfigurationPlatforms) = postSolution
		{FCE4FA97-435F-44CF-978C-194FF22C51F3}.Debug|Any CPU.ActiveCfg = Debug|Any CPU
		{FCE4FA97-435F-44CF-978C-194FF22C51F3}.Debug|Any CPU.Build.0 = Debug|Any CPU
		{FCE4FA97-435F-44CF-978C-194FF22C51F3}.Release|Any CPU.ActiveCfg = Release|Any CPU
		{FCE4FA97-435F-44CF-978C-194FF22C51F3}.Release|Any CPU.Build.0 = Release|Any CPU
	EndGlobalSection
	GlobalSection(SolutionProperties) = preSolution
		HideSolutionNode = FALSE
	EndGlobalSection
	GlobalSection(ExtensibilityGlobals) = postSolution
		SolutionGuid = {C0EA5DCE-3E84-448C-AFAE-E2F1FA62A4A8}
	EndGlobalSection
EndGlobal
